
Microsoft Visual Studio Solution File, Format Version 12.00
# Visual Studio Version 17
VisualStudioVersion = 17.7.34024.191
MinimumVisualStudioVersion = 10.0.40219.1
Project("{FAE04EC0-301F-11D3-BF4B-00C04F79EFBC}") = "Flashcards", "Flashcards.csproj", "{1E66933B-5C9B-43BF-ABF4-8C96DCF461A1}"
EndProject
Global
	GlobalSection(SolutionConfigurationPlatforms) = preSolution
		Debug|Any CPU = Debug|Any CPU
		Release|Any CPU = Release|Any CPU
	EndGlobalSection
	GlobalSection(ProjectConfigurationPlatforms) = postSolution
		{1E66933B-5C9B-43BF-ABF4-8C96DCF461A1}.Debug|Any CPU.ActiveCfg = Debug|Any CPU
		{1E66933B-5C9B-43BF-ABF4-8C96DCF461A1}.Debug|Any CPU.Build.0 = Debug|Any CPU
		{1E66933B-5C9B-43BF-ABF4-8C96DCF461A1}.Release|Any CPU.ActiveCfg = Release|Any CPU
		{1E66933B-5C9B-43BF-ABF4-8C96DCF461A1}.Release|Any CPU.Build.0 = Release|Any CPU
	EndGlobalSection
	GlobalSection(SolutionProperties) = preSolution
		HideSolutionNode = FALSE
	EndGlobalSection
	GlobalSection(ExtensibilityGlobals) = postSolution
		SolutionGuid = {C04E19FB-50E5-4352-880A-9BF425FF24DC}
	EndGlobalSection
EndGlobal
